// !$*UTF8*$!
{
	archiveVersion = 1;
	classes = {
	};
	objectVersion = 56;
	objects = {

/* Begin PBXBuildFile section */
		F70BF8E32A49782400302DCA /* FetchDessertsApp.swift in Sources */ = {isa = PBXBuildFile; fileRef = F70BF8E22A49782400302DCA /* FetchDessertsApp.swift */; };
		F70BF8E72A49782500302DCA /* Assets.xcassets in Resources */ = {isa = PBXBuildFile; fileRef = F70BF8E62A49782500302DCA /* Assets.xcassets */; };
		F70BF8EA2A49782500302DCA /* Preview Assets.xcassets in Resources */ = {isa = PBXBuildFile; fileRef = F70BF8E92A49782500302DCA /* Preview Assets.xcassets */; };
		F70BF8F42A49782500302DCA /* FetchDessertsTests.swift in Sources */ = {isa = PBXBuildFile; fileRef = F70BF8F32A49782500302DCA /* FetchDessertsTests.swift */; };
		F70BF8FE2A49782600302DCA /* FetchDessertsUITests.swift in Sources */ = {isa = PBXBuildFile; fileRef = F70BF8FD2A49782600302DCA /* FetchDessertsUITests.swift */; };
		F70BF9002A49782600302DCA /* FetchDessertsUITestsLaunchTests.swift in Sources */ = {isa = PBXBuildFile; fileRef = F70BF8FF2A49782600302DCA /* FetchDessertsUITestsLaunchTests.swift */; };
		F7171E182A49FC08003CEFC7 /* Meal.swift in Sources */ = {isa = PBXBuildFile; fileRef = F7171E172A49FC08003CEFC7 /* Meal.swift */; };
		F73605E12A504844005EE242 /* Resource+Meal.swift in Sources */ = {isa = PBXBuildFile; fileRef = F73605E02A504844005EE242 /* Resource+Meal.swift */; };
		F73605E32A504873005EE242 /* Resource.swift in Sources */ = {isa = PBXBuildFile; fileRef = F73605E22A504873005EE242 /* Resource.swift */; };
		F73605E52A50488C005EE242 /* HttpMethod.swift in Sources */ = {isa = PBXBuildFile; fileRef = F73605E42A50488C005EE242 /* HttpMethod.swift */; };
		F73605E92A5049C2005EE242 /* APIService.swift in Sources */ = {isa = PBXBuildFile; fileRef = F73605E82A5049C2005EE242 /* APIService.swift */; };
		F753AEED2A5BAAAC00909ADF /* MealIDText.swift in Sources */ = {isa = PBXBuildFile; fileRef = F753AEEC2A5BAAAC00909ADF /* MealIDText.swift */; };
		F7D674B22A4CF5CA00670DBB /* FilterResponse.swift in Sources */ = {isa = PBXBuildFile; fileRef = F7D674B12A4CF5CA00670DBB /* FilterResponse.swift */; };
		F7D674B52A4CF65300670DBB /* DessertListViewModel.swift in Sources */ = {isa = PBXBuildFile; fileRef = F7D674B42A4CF65300670DBB /* DessertListViewModel.swift */; };
		F7D674B82A4CF80D00670DBB /* DessertCell.swift in Sources */ = {isa = PBXBuildFile; fileRef = F7D674B72A4CF80D00670DBB /* DessertCell.swift */; };
		F7D674BA2A4D6ECF00670DBB /* NetworkError.swift in Sources */ = {isa = PBXBuildFile; fileRef = F7D674B92A4D6ECF00670DBB /* NetworkError.swift */; };
		F7D674BC2A4D6F0F00670DBB /* URL+FilterRoutes.swift in Sources */ = {isa = PBXBuildFile; fileRef = F7D674BB2A4D6F0F00670DBB /* URL+FilterRoutes.swift */; };
		F7D674BE2A4D718D00670DBB /* URL+LookupRoutes.swift in Sources */ = {isa = PBXBuildFile; fileRef = F7D674BD2A4D718D00670DBB /* URL+LookupRoutes.swift */; };
		F7E47E242A56819D00BA7B5C /* View+isHidden.swift in Sources */ = {isa = PBXBuildFile; fileRef = F7E47E232A56819D00BA7B5C /* View+isHidden.swift */; };
		F7EA565C2A5C9B4F00F24457 /* CachedAsyncImage.swift in Sources */ = {isa = PBXBuildFile; fileRef = F7EA565B2A5C9B4F00F24457 /* CachedAsyncImage.swift */; };
		F7EA565E2A5C9B8000F24457 /* ImageLoader.swift in Sources */ = {isa = PBXBuildFile; fileRef = F7EA565D2A5C9B8000F24457 /* ImageLoader.swift */; };
		F7EA56612A5C9C4600F24457 /* ImageCache.swift in Sources */ = {isa = PBXBuildFile; fileRef = F7EA56602A5C9C4600F24457 /* ImageCache.swift */; };
		F7EA56632A5CCC3300F24457 /* DessertDetailViewModel.swift in Sources */ = {isa = PBXBuildFile; fileRef = F7EA56622A5CCC3300F24457 /* DessertDetailViewModel.swift */; };
		F7EA56652A5CF7E600F24457 /* lookup_response.json in Resources */ = {isa = PBXBuildFile; fileRef = F7EA56642A5CF7E600F24457 /* lookup_response.json */; };
		F7EA56662A5CF7E600F24457 /* lookup_response.json in Resources */ = {isa = PBXBuildFile; fileRef = F7EA56642A5CF7E600F24457 /* lookup_response.json */; };
		F7EA56682A5CF7EE00F24457 /* filter_response.json in Resources */ = {isa = PBXBuildFile; fileRef = F7EA56672A5CF7EE00F24457 /* filter_response.json */; };
		F7EA56692A5CF7EE00F24457 /* filter_response.json in Resources */ = {isa = PBXBuildFile; fileRef = F7EA56672A5CF7EE00F24457 /* filter_response.json */; };
		F7EA566B2A5CF84A00F24457 /* PreviewAPIService.swift in Sources */ = {isa = PBXBuildFile; fileRef = F7EA566A2A5CF84A00F24457 /* PreviewAPIService.swift */; };
		F7EC84FA2A54CE7C00C3386E /* DessertDetailView.swift in Sources */ = {isa = PBXBuildFile; fileRef = F7EC84F92A54CE7C00C3386E /* DessertDetailView.swift */; };
		F7EC84FB2A54E71000C3386E /* DessertListView.swift in Sources */ = {isa = PBXBuildFile; fileRef = F70BF8E42A49782400302DCA /* DessertListView.swift */; };
		F7EC84FF2A54F42A00C3386E /* LookupResponse.swift in Sources */ = {isa = PBXBuildFile; fileRef = F7EC84FE2A54F42A00C3386E /* LookupResponse.swift */; };
/* End PBXBuildFile section */

/* Begin PBXContainerItemProxy section */
		F70BF8F02A49782500302DCA /* PBXContainerItemProxy */ = {
			isa = PBXContainerItemProxy;
			containerPortal = F70BF8D72A49782400302DCA /* Project object */;
			proxyType = 1;
			remoteGlobalIDString = F70BF8DE2A49782400302DCA;
			remoteInfo = FetchDesserts;
		};
		F70BF8FA2A49782600302DCA /* PBXContainerItemProxy */ = {
			isa = PBXContainerItemProxy;
			containerPortal = F70BF8D72A49782400302DCA /* Project object */;
			proxyType = 1;
			remoteGlobalIDString = F70BF8DE2A49782400302DCA;
			remoteInfo = FetchDesserts;
		};
/* End PBXContainerItemProxy section */

/* Begin PBXFileReference section */
		F70BF8DF2A49782400302DCA /* FetchDesserts.app */ = {isa = PBXFileReference; explicitFileType = wrapper.application; includeInIndex = 0; path = FetchDesserts.app; sourceTree = BUILT_PRODUCTS_DIR; };
		F70BF8E22A49782400302DCA /* FetchDessertsApp.swift */ = {isa = PBXFileReference; lastKnownFileType = sourcecode.swift; path = FetchDessertsApp.swift; sourceTree = "<group>"; };
		F70BF8E42A49782400302DCA /* DessertListView.swift */ = {isa = PBXFileReference; lastKnownFileType = sourcecode.swift; path = DessertListView.swift; sourceTree = "<group>"; };
		F70BF8E62A49782500302DCA /* Assets.xcassets */ = {isa = PBXFileReference; lastKnownFileType = folder.assetcatalog; path = Assets.xcassets; sourceTree = "<group>"; };
		F70BF8E92A49782500302DCA /* Preview Assets.xcassets */ = {isa = PBXFileReference; lastKnownFileType = folder.assetcatalog; path = "Preview Assets.xcassets"; sourceTree = "<group>"; };
		F70BF8EF2A49782500302DCA /* FetchDessertsTests.xctest */ = {isa = PBXFileReference; explicitFileType = wrapper.cfbundle; includeInIndex = 0; path = FetchDessertsTests.xctest; sourceTree = BUILT_PRODUCTS_DIR; };
		F70BF8F32A49782500302DCA /* FetchDessertsTests.swift */ = {isa = PBXFileReference; lastKnownFileType = sourcecode.swift; path = FetchDessertsTests.swift; sourceTree = "<group>"; };
		F70BF8F92A49782600302DCA /* FetchDessertsUITests.xctest */ = {isa = PBXFileReference; explicitFileType = wrapper.cfbundle; includeInIndex = 0; path = FetchDessertsUITests.xctest; sourceTree = BUILT_PRODUCTS_DIR; };
		F70BF8FD2A49782600302DCA /* FetchDessertsUITests.swift */ = {isa = PBXFileReference; lastKnownFileType = sourcecode.swift; path = FetchDessertsUITests.swift; sourceTree = "<group>"; };
		F70BF8FF2A49782600302DCA /* FetchDessertsUITestsLaunchTests.swift */ = {isa = PBXFileReference; lastKnownFileType = sourcecode.swift; path = FetchDessertsUITestsLaunchTests.swift; sourceTree = "<group>"; };
		F7171E172A49FC08003CEFC7 /* Meal.swift */ = {isa = PBXFileReference; lastKnownFileType = sourcecode.swift; path = Meal.swift; sourceTree = "<group>"; };
		F73605E02A504844005EE242 /* Resource+Meal.swift */ = {isa = PBXFileReference; lastKnownFileType = sourcecode.swift; path = "Resource+Meal.swift"; sourceTree = "<group>"; };
		F73605E22A504873005EE242 /* Resource.swift */ = {isa = PBXFileReference; lastKnownFileType = sourcecode.swift; path = Resource.swift; sourceTree = "<group>"; };
		F73605E42A50488C005EE242 /* HttpMethod.swift */ = {isa = PBXFileReference; lastKnownFileType = sourcecode.swift; path = HttpMethod.swift; sourceTree = "<group>"; };
		F73605E82A5049C2005EE242 /* APIService.swift */ = {isa = PBXFileReference; lastKnownFileType = sourcecode.swift; path = APIService.swift; sourceTree = "<group>"; };
		F753AEEC2A5BAAAC00909ADF /* MealIDText.swift */ = {isa = PBXFileReference; lastKnownFileType = sourcecode.swift; path = MealIDText.swift; sourceTree = "<group>"; };
		F7D674B12A4CF5CA00670DBB /* FilterResponse.swift */ = {isa = PBXFileReference; lastKnownFileType = sourcecode.swift; path = FilterResponse.swift; sourceTree = "<group>"; };
		F7D674B42A4CF65300670DBB /* DessertListViewModel.swift */ = {isa = PBXFileReference; lastKnownFileType = sourcecode.swift; path = DessertListViewModel.swift; sourceTree = "<group>"; };
		F7D674B72A4CF80D00670DBB /* DessertCell.swift */ = {isa = PBXFileReference; lastKnownFileType = sourcecode.swift; path = DessertCell.swift; sourceTree = "<group>"; };
		F7D674B92A4D6ECF00670DBB /* NetworkError.swift */ = {isa = PBXFileReference; lastKnownFileType = sourcecode.swift; path = NetworkError.swift; sourceTree = "<group>"; };
		F7D674BB2A4D6F0F00670DBB /* URL+FilterRoutes.swift */ = {isa = PBXFileReference; lastKnownFileType = sourcecode.swift; path = "URL+FilterRoutes.swift"; sourceTree = "<group>"; };
		F7D674BD2A4D718D00670DBB /* URL+LookupRoutes.swift */ = {isa = PBXFileReference; lastKnownFileType = sourcecode.swift; path = "URL+LookupRoutes.swift"; sourceTree = "<group>"; };
		F7E47E232A56819D00BA7B5C /* View+isHidden.swift */ = {isa = PBXFileReference; lastKnownFileType = sourcecode.swift; path = "View+isHidden.swift"; sourceTree = "<group>"; };
		F7EA565B2A5C9B4F00F24457 /* CachedAsyncImage.swift */ = {isa = PBXFileReference; lastKnownFileType = sourcecode.swift; path = CachedAsyncImage.swift; sourceTree = "<group>"; };
		F7EA565D2A5C9B8000F24457 /* ImageLoader.swift */ = {isa = PBXFileReference; lastKnownFileType = sourcecode.swift; path = ImageLoader.swift; sourceTree = "<group>"; };
		F7EA56602A5C9C4600F24457 /* ImageCache.swift */ = {isa = PBXFileReference; lastKnownFileType = sourcecode.swift; path = ImageCache.swift; sourceTree = "<group>"; };
		F7EA56622A5CCC3300F24457 /* DessertDetailViewModel.swift */ = {isa = PBXFileReference; lastKnownFileType = sourcecode.swift; path = DessertDetailViewModel.swift; sourceTree = "<group>"; };
		F7EA56642A5CF7E600F24457 /* lookup_response.json */ = {isa = PBXFileReference; fileEncoding = 4; lastKnownFileType = text.json; path = lookup_response.json; sourceTree = "<group>"; };
		F7EA56672A5CF7EE00F24457 /* filter_response.json */ = {isa = PBXFileReference; fileEncoding = 4; lastKnownFileType = text.json; path = filter_response.json; sourceTree = "<group>"; };
		F7EA566A2A5CF84A00F24457 /* PreviewAPIService.swift */ = {isa = PBXFileReference; lastKnownFileType = sourcecode.swift; path = PreviewAPIService.swift; sourceTree = "<group>"; };
		F7EC84F92A54CE7C00C3386E /* DessertDetailView.swift */ = {isa = PBXFileReference; lastKnownFileType = sourcecode.swift; path = DessertDetailView.swift; sourceTree = "<group>"; };
		F7EC84FE2A54F42A00C3386E /* LookupResponse.swift */ = {isa = PBXFileReference; lastKnownFileType = sourcecode.swift; path = LookupResponse.swift; sourceTree = "<group>"; };
/* End PBXFileReference section */

/* Begin PBXFrameworksBuildPhase section */
		F70BF8DC2A49782400302DCA /* Frameworks */ = {
			isa = PBXFrameworksBuildPhase;
			buildActionMask = 2147483647;
			files = (
			);
			runOnlyForDeploymentPostprocessing = 0;
		};
		F70BF8EC2A49782500302DCA /* Frameworks */ = {
			isa = PBXFrameworksBuildPhase;
			buildActionMask = 2147483647;
			files = (
			);
			runOnlyForDeploymentPostprocessing = 0;
		};
		F70BF8F62A49782600302DCA /* Frameworks */ = {
			isa = PBXFrameworksBuildPhase;
			buildActionMask = 2147483647;
			files = (
			);
			runOnlyForDeploymentPostprocessing = 0;
		};
/* End PBXFrameworksBuildPhase section */

/* Begin PBXGroup section */
		F70BF8D62A49782400302DCA = {
			isa = PBXGroup;
			children = (
				F70BF8E12A49782400302DCA /* FetchDesserts */,
				F70BF8F22A49782500302DCA /* FetchDessertsTests */,
				F70BF8FC2A49782600302DCA /* FetchDessertsUITests */,
				F70BF8E02A49782400302DCA /* Products */,
			);
			sourceTree = "<group>";
		};
		F70BF8E02A49782400302DCA /* Products */ = {
			isa = PBXGroup;
			children = (
				F70BF8DF2A49782400302DCA /* FetchDesserts.app */,
				F70BF8EF2A49782500302DCA /* FetchDessertsTests.xctest */,
				F70BF8F92A49782600302DCA /* FetchDessertsUITests.xctest */,
			);
			name = Products;
			sourceTree = "<group>";
		};
		F70BF8E12A49782400302DCA /* FetchDesserts */ = {
			isa = PBXGroup;
			children = (
				F7EA565F2A5C9C3600F24457 /* Helpers */,
				F7D674B62A4CF7FD00670DBB /* Views */,
				F7D674B32A4CF64300670DBB /* ViewModels */,
				F7D674AC2A4CF2F500670DBB /* Networking */,
				F7171E1B2A49FFC7003CEFC7 /* Models */,
				F70BF8E22A49782400302DCA /* FetchDessertsApp.swift */,
				F70BF8E62A49782500302DCA /* Assets.xcassets */,
				F70BF8E82A49782500302DCA /* Preview Content */,
			);
			path = FetchDesserts;
			sourceTree = "<group>";
		};
		F70BF8E82A49782500302DCA /* Preview Content */ = {
			isa = PBXGroup;
			children = (
				F7EA56672A5CF7EE00F24457 /* filter_response.json */,
				F7EA56642A5CF7E600F24457 /* lookup_response.json */,
				F70BF8E92A49782500302DCA /* Preview Assets.xcassets */,
				F7EA566A2A5CF84A00F24457 /* PreviewAPIService.swift */,
			);
			path = "Preview Content";
			sourceTree = "<group>";
		};
		F70BF8F22A49782500302DCA /* FetchDessertsTests */ = {
			isa = PBXGroup;
			children = (
				F70BF8F32A49782500302DCA /* FetchDessertsTests.swift */,
			);
			path = FetchDessertsTests;
			sourceTree = "<group>";
		};
		F70BF8FC2A49782600302DCA /* FetchDessertsUITests */ = {
			isa = PBXGroup;
			children = (
				F70BF8FD2A49782600302DCA /* FetchDessertsUITests.swift */,
				F70BF8FF2A49782600302DCA /* FetchDessertsUITestsLaunchTests.swift */,
			);
			path = FetchDessertsUITests;
			sourceTree = "<group>";
		};
		F7171E1B2A49FFC7003CEFC7 /* Models */ = {
			isa = PBXGroup;
			children = (
				F7171E172A49FC08003CEFC7 /* Meal.swift */,
				F7D674B12A4CF5CA00670DBB /* FilterResponse.swift */,
				F7EC84FE2A54F42A00C3386E /* LookupResponse.swift */,
			);
			path = Models;
			sourceTree = "<group>";
		};
		F7D674AC2A4CF2F500670DBB /* Networking */ = {
			isa = PBXGroup;
			children = (
				F7D674B92A4D6ECF00670DBB /* NetworkError.swift */,
				F7D674BB2A4D6F0F00670DBB /* URL+FilterRoutes.swift */,
				F7D674BD2A4D718D00670DBB /* URL+LookupRoutes.swift */,
				F73605E02A504844005EE242 /* Resource+Meal.swift */,
				F73605E82A5049C2005EE242 /* APIService.swift */,
				F73605E22A504873005EE242 /* Resource.swift */,
				F73605E42A50488C005EE242 /* HttpMethod.swift */,
			);
			path = Networking;
			sourceTree = "<group>";
		};
		F7D674B32A4CF64300670DBB /* ViewModels */ = {
			isa = PBXGroup;
			children = (
				F7D674B42A4CF65300670DBB /* DessertListViewModel.swift */,
				F7EA565D2A5C9B8000F24457 /* ImageLoader.swift */,
				F7EA56622A5CCC3300F24457 /* DessertDetailViewModel.swift */,
			);
			path = ViewModels;
			sourceTree = "<group>";
		};
		F7D674B62A4CF7FD00670DBB /* Views */ = {
			isa = PBXGroup;
			children = (
				F70BF8E42A49782400302DCA /* DessertListView.swift */,
				F7EC84F92A54CE7C00C3386E /* DessertDetailView.swift */,
				F7D674B72A4CF80D00670DBB /* DessertCell.swift */,
				F7E47E232A56819D00BA7B5C /* View+isHidden.swift */,
				F753AEEC2A5BAAAC00909ADF /* MealIDText.swift */,
				F7EA565B2A5C9B4F00F24457 /* CachedAsyncImage.swift */,
			);
			path = Views;
			sourceTree = "<group>";
		};
		F7EA565F2A5C9C3600F24457 /* Helpers */ = {
			isa = PBXGroup;
			children = (
				F7EA56602A5C9C4600F24457 /* ImageCache.swift */,
			);
			path = Helpers;
			sourceTree = "<group>";
		};
/* End PBXGroup section */

/* Begin PBXNativeTarget section */
		F70BF8DE2A49782400302DCA /* FetchDesserts */ = {
			isa = PBXNativeTarget;
			buildConfigurationList = F70BF9032A49782600302DCA /* Build configuration list for PBXNativeTarget "FetchDesserts" */;
			buildPhases = (
				F70BF8DB2A49782400302DCA /* Sources */,
				F70BF8DC2A49782400302DCA /* Frameworks */,
				F70BF8DD2A49782400302DCA /* Resources */,
			);
			buildRules = (
			);
			dependencies = (
			);
			name = FetchDesserts;
			packageProductDependencies = (
			);
			productName = FetchDesserts;
			productReference = F70BF8DF2A49782400302DCA /* FetchDesserts.app */;
			productType = "com.apple.product-type.application";
		};
		F70BF8EE2A49782500302DCA /* FetchDessertsTests */ = {
			isa = PBXNativeTarget;
			buildConfigurationList = F70BF9062A49782600302DCA /* Build configuration list for PBXNativeTarget "FetchDessertsTests" */;
			buildPhases = (
				F70BF8EB2A49782500302DCA /* Sources */,
				F70BF8EC2A49782500302DCA /* Frameworks */,
				F70BF8ED2A49782500302DCA /* Resources */,
			);
			buildRules = (
			);
			dependencies = (
				F70BF8F12A49782500302DCA /* PBXTargetDependency */,
			);
			name = FetchDessertsTests;
			productName = FetchDessertsTests;
			productReference = F70BF8EF2A49782500302DCA /* FetchDessertsTests.xctest */;
			productType = "com.apple.product-type.bundle.unit-test";
		};
		F70BF8F82A49782600302DCA /* FetchDessertsUITests */ = {
			isa = PBXNativeTarget;
			buildConfigurationList = F70BF9092A49782600302DCA /* Build configuration list for PBXNativeTarget "FetchDessertsUITests" */;
			buildPhases = (
				F70BF8F52A49782600302DCA /* Sources */,
				F70BF8F62A49782600302DCA /* Frameworks */,
				F70BF8F72A49782600302DCA /* Resources */,
			);
			buildRules = (
			);
			dependencies = (
				F70BF8FB2A49782600302DCA /* PBXTargetDependency */,
			);
			name = FetchDessertsUITests;
			productName = FetchDessertsUITests;
			productReference = F70BF8F92A49782600302DCA /* FetchDessertsUITests.xctest */;
			productType = "com.apple.product-type.bundle.ui-testing";
		};
/* End PBXNativeTarget section */

/* Begin PBXProject section */
		F70BF8D72A49782400302DCA /* Project object */ = {
			isa = PBXProject;
			attributes = {
				BuildIndependentTargetsInParallel = 1;
				LastSwiftUpdateCheck = 1430;
				LastUpgradeCheck = 1430;
				TargetAttributes = {
					F70BF8DE2A49782400302DCA = {
						CreatedOnToolsVersion = 14.3.1;
					};
					F70BF8EE2A49782500302DCA = {
						CreatedOnToolsVersion = 14.3.1;
						TestTargetID = F70BF8DE2A49782400302DCA;
					};
					F70BF8F82A49782600302DCA = {
						CreatedOnToolsVersion = 14.3.1;
						TestTargetID = F70BF8DE2A49782400302DCA;
					};
				};
			};
			buildConfigurationList = F70BF8DA2A49782400302DCA /* Build configuration list for PBXProject "FetchDesserts" */;
			compatibilityVersion = "Xcode 14.0";
			developmentRegion = en;
			hasScannedForEncodings = 0;
			knownRegions = (
				en,
				Base,
			);
			mainGroup = F70BF8D62A49782400302DCA;
			packageReferences = (
			);
			productRefGroup = F70BF8E02A49782400302DCA /* Products */;
			projectDirPath = "";
			projectRoot = "";
			targets = (
				F70BF8DE2A49782400302DCA /* FetchDesserts */,
				F70BF8EE2A49782500302DCA /* FetchDessertsTests */,
				F70BF8F82A49782600302DCA /* FetchDessertsUITests */,
			);
		};
/* End PBXProject section */

/* Begin PBXResourcesBuildPhase section */
		F70BF8DD2A49782400302DCA /* Resources */ = {
			isa = PBXResourcesBuildPhase;
			buildActionMask = 2147483647;
			files = (
				F7EA56682A5CF7EE00F24457 /* filter_response.json in Resources */,
				F7EA56652A5CF7E600F24457 /* lookup_response.json in Resources */,
				F70BF8EA2A49782500302DCA /* Preview Assets.xcassets in Resources */,
				F70BF8E72A49782500302DCA /* Assets.xcassets in Resources */,
			);
			runOnlyForDeploymentPostprocessing = 0;
		};
		F70BF8ED2A49782500302DCA /* Resources */ = {
			isa = PBXResourcesBuildPhase;
			buildActionMask = 2147483647;
			files = (
				F7EA56692A5CF7EE00F24457 /* filter_response.json in Resources */,
				F7EA56662A5CF7E600F24457 /* lookup_response.json in Resources */,
			);
			runOnlyForDeploymentPostprocessing = 0;
		};
		F70BF8F72A49782600302DCA /* Resources */ = {
			isa = PBXResourcesBuildPhase;
			buildActionMask = 2147483647;
			files = (
			);
			runOnlyForDeploymentPostprocessing = 0;
		};
/* End PBXResourcesBuildPhase section */

/* Begin PBXSourcesBuildPhase section */
		F70BF8DB2A49782400302DCA /* Sources */ = {
			isa = PBXSourcesBuildPhase;
			buildActionMask = 2147483647;
			files = (
				F7EC84FB2A54E71000C3386E /* DessertListView.swift in Sources */,
				F7D674BA2A4D6ECF00670DBB /* NetworkError.swift in Sources */,
				F73605E52A50488C005EE242 /* HttpMethod.swift in Sources */,
				F73605E92A5049C2005EE242 /* APIService.swift in Sources */,
				F7D674BC2A4D6F0F00670DBB /* URL+FilterRoutes.swift in Sources */,
				F7171E182A49FC08003CEFC7 /* Meal.swift in Sources */,
				F7D674BE2A4D718D00670DBB /* URL+LookupRoutes.swift in Sources */,
				F7D674B52A4CF65300670DBB /* DessertListViewModel.swift in Sources */,
				F753AEED2A5BAAAC00909ADF /* MealIDText.swift in Sources */,
				F7EA565E2A5C9B8000F24457 /* ImageLoader.swift in Sources */,
				F7EA56612A5C9C4600F24457 /* ImageCache.swift in Sources */,
				F7EA56632A5CCC3300F24457 /* DessertDetailViewModel.swift in Sources */,
				F70BF8E32A49782400302DCA /* FetchDessertsApp.swift in Sources */,
				F7EA566B2A5CF84A00F24457 /* PreviewAPIService.swift in Sources */,
				F7EC84FA2A54CE7C00C3386E /* DessertDetailView.swift in Sources */,
				F7E47E242A56819D00BA7B5C /* View+isHidden.swift in Sources */,
				F7EC84FF2A54F42A00C3386E /* LookupResponse.swift in Sources */,
				F7D674B22A4CF5CA00670DBB /* FilterResponse.swift in Sources */,
				F73605E32A504873005EE242 /* Resource.swift in Sources */,
				F73605E12A504844005EE242 /* Resource+Meal.swift in Sources */,
				F7EA565C2A5C9B4F00F24457 /* CachedAsyncImage.swift in Sources */,
				F7D674B82A4CF80D00670DBB /* DessertCell.swift in Sources */,
			);
			runOnlyForDeploymentPostprocessing = 0;
		};
		F70BF8EB2A49782500302DCA /* Sources */ = {
			isa = PBXSourcesBuildPhase;
			buildActionMask = 2147483647;
			files = (
				F70BF8F42A49782500302DCA /* FetchDessertsTests.swift in Sources */,
			);
			runOnlyForDeploymentPostprocessing = 0;
		};
		F70BF8F52A49782600302DCA /* Sources */ = {
			isa = PBXSourcesBuildPhase;
			buildActionMask = 2147483647;
			files = (
				F70BF9002A49782600302DCA /* FetchDessertsUITestsLaunchTests.swift in Sources */,
				F70BF8FE2A49782600302DCA /* FetchDessertsUITests.swift in Sources */,
			);
			runOnlyForDeploymentPostprocessing = 0;
		};
/* End PBXSourcesBuildPhase section */

/* Begin PBXTargetDependency section */
		F70BF8F12A49782500302DCA /* PBXTargetDependency */ = {
			isa = PBXTargetDependency;
			target = F70BF8DE2A49782400302DCA /* FetchDesserts */;
			targetProxy = F70BF8F02A49782500302DCA /* PBXContainerItemProxy */;
		};
		F70BF8FB2A49782600302DCA /* PBXTargetDependency */ = {
			isa = PBXTargetDependency;
			target = F70BF8DE2A49782400302DCA /* FetchDesserts */;
			targetProxy = F70BF8FA2A49782600302DCA /* PBXContainerItemProxy */;
		};
/* End PBXTargetDependency section */

/* Begin XCBuildConfiguration section */
		F70BF9012A49782600302DCA /* Debug */ = {
			isa = XCBuildConfiguration;
			buildSettings = {
				ALWAYS_SEARCH_USER_PATHS = NO;
				CLANG_ANALYZER_NONNULL = YES;
				CLANG_ANALYZER_NUMBER_OBJECT_CONVERSION = YES_AGGRESSIVE;
				CLANG_CXX_LANGUAGE_STANDARD = "gnu++20";
				CLANG_ENABLE_MODULES = YES;
				CLANG_ENABLE_OBJC_ARC = YES;
				CLANG_ENABLE_OBJC_WEAK = YES;
				CLANG_WARN_BLOCK_CAPTURE_AUTORELEASING = YES;
				CLANG_WARN_BOOL_CONVERSION = YES;
				CLANG_WARN_COMMA = YES;
				CLANG_WARN_CONSTANT_CONVERSION = YES;
				CLANG_WARN_DEPRECATED_OBJC_IMPLEMENTATIONS = YES;
				CLANG_WARN_DIRECT_OBJC_ISA_USAGE = YES_ERROR;
				CLANG_WARN_DOCUMENTATION_COMMENTS = YES;
				CLANG_WARN_EMPTY_BODY = YES;
				CLANG_WARN_ENUM_CONVERSION = YES;
				CLANG_WARN_INFINITE_RECURSION = YES;
				CLANG_WARN_INT_CONVERSION = YES;
				CLANG_WARN_NON_LITERAL_NULL_CONVERSION = YES;
				CLANG_WARN_OBJC_IMPLICIT_RETAIN_SELF = YES;
				CLANG_WARN_OBJC_LITERAL_CONVERSION = YES;
				CLANG_WARN_OBJC_ROOT_CLASS = YES_ERROR;
				CLANG_WARN_QUOTED_INCLUDE_IN_FRAMEWORK_HEADER = YES;
				CLANG_WARN_RANGE_LOOP_ANALYSIS = YES;
				CLANG_WARN_STRICT_PROTOTYPES = YES;
				CLANG_WARN_SUSPICIOUS_MOVE = YES;
				CLANG_WARN_UNGUARDED_AVAILABILITY = YES_AGGRESSIVE;
				CLANG_WARN_UNREACHABLE_CODE = YES;
				CLANG_WARN__DUPLICATE_METHOD_MATCH = YES;
				COPY_PHASE_STRIP = NO;
				DEBUG_INFORMATION_FORMAT = dwarf;
				ENABLE_STRICT_OBJC_MSGSEND = YES;
				ENABLE_TESTABILITY = YES;
				GCC_C_LANGUAGE_STANDARD = gnu11;
				GCC_DYNAMIC_NO_PIC = NO;
				GCC_NO_COMMON_BLOCKS = YES;
				GCC_OPTIMIZATION_LEVEL = 0;
				GCC_PREPROCESSOR_DEFINITIONS = (
					"DEBUG=1",
					"$(inherited)",
				);
				GCC_WARN_64_TO_32_BIT_CONVERSION = YES;
				GCC_WARN_ABOUT_RETURN_TYPE = YES_ERROR;
				GCC_WARN_UNDECLARED_SELECTOR = YES;
				GCC_WARN_UNINITIALIZED_AUTOS = YES_AGGRESSIVE;
				GCC_WARN_UNUSED_FUNCTION = YES;
				GCC_WARN_UNUSED_VARIABLE = YES;
				IPHONEOS_DEPLOYMENT_TARGET = 16.4;
				MTL_ENABLE_DEBUG_INFO = INCLUDE_SOURCE;
				MTL_FAST_MATH = YES;
				ONLY_ACTIVE_ARCH = YES;
				SDKROOT = iphoneos;
				SWIFT_ACTIVE_COMPILATION_CONDITIONS = DEBUG;
				SWIFT_OPTIMIZATION_LEVEL = "-Onone";
			};
			name = Debug;
		};
		F70BF9022A49782600302DCA /* Release */ = {
			isa = XCBuildConfiguration;
			buildSettings = {
				ALWAYS_SEARCH_USER_PATHS = NO;
				CLANG_ANALYZER_NONNULL = YES;
				CLANG_ANALYZER_NUMBER_OBJECT_CONVERSION = YES_AGGRESSIVE;
				CLANG_CXX_LANGUAGE_STANDARD = "gnu++20";
				CLANG_ENABLE_MODULES = YES;
				CLANG_ENABLE_OBJC_ARC = YES;
				CLANG_ENABLE_OBJC_WEAK = YES;
				CLANG_WARN_BLOCK_CAPTURE_AUTORELEASING = YES;
				CLANG_WARN_BOOL_CONVERSION = YES;
				CLANG_WARN_COMMA = YES;
				CLANG_WARN_CONSTANT_CONVERSION = YES;
				CLANG_WARN_DEPRECATED_OBJC_IMPLEMENTATIONS = YES;
				CLANG_WARN_DIRECT_OBJC_ISA_USAGE = YES_ERROR;
				CLANG_WARN_DOCUMENTATION_COMMENTS = YES;
				CLANG_WARN_EMPTY_BODY = YES;
				CLANG_WARN_ENUM_CONVERSION = YES;
				CLANG_WARN_INFINITE_RECURSION = YES;
				CLANG_WARN_INT_CONVERSION = YES;
				CLANG_WARN_NON_LITERAL_NULL_CONVERSION = YES;
				CLANG_WARN_OBJC_IMPLICIT_RETAIN_SELF = YES;
				CLANG_WARN_OBJC_LITERAL_CONVERSION = YES;
				CLANG_WARN_OBJC_ROOT_CLASS = YES_ERROR;
				CLANG_WARN_QUOTED_INCLUDE_IN_FRAMEWORK_HEADER = YES;
				CLANG_WARN_RANGE_LOOP_ANALYSIS = YES;
				CLANG_WARN_STRICT_PROTOTYPES = YES;
				CLANG_WARN_SUSPICIOUS_MOVE = YES;
				CLANG_WARN_UNGUARDED_AVAILABILITY = YES_AGGRESSIVE;
				CLANG_WARN_UNREACHABLE_CODE = YES;
				CLANG_WARN__DUPLICATE_METHOD_MATCH = YES;
				COPY_PHASE_STRIP = NO;
				DEBUG_INFORMATION_FORMAT = "dwarf-with-dsym";
				ENABLE_NS_ASSERTIONS = NO;
				ENABLE_STRICT_OBJC_MSGSEND = YES;
				GCC_C_LANGUAGE_STANDARD = gnu11;
				GCC_NO_COMMON_BLOCKS = YES;
				GCC_WARN_64_TO_32_BIT_CONVERSION = YES;
				GCC_WARN_ABOUT_RETURN_TYPE = YES_ERROR;
				GCC_WARN_UNDECLARED_SELECTOR = YES;
				GCC_WARN_UNINITIALIZED_AUTOS = YES_AGGRESSIVE;
				GCC_WARN_UNUSED_FUNCTION = YES;
				GCC_WARN_UNUSED_VARIABLE = YES;
				IPHONEOS_DEPLOYMENT_TARGET = 16.4;
				MTL_ENABLE_DEBUG_INFO = NO;
				MTL_FAST_MATH = YES;
				SDKROOT = iphoneos;
				SWIFT_COMPILATION_MODE = wholemodule;
				SWIFT_OPTIMIZATION_LEVEL = "-O";
				VALIDATE_PRODUCT = YES;
			};
			name = Release;
		};
		F70BF9042A49782600302DCA /* Debug */ = {
			isa = XCBuildConfiguration;
			buildSettings = {
				ASSETCATALOG_COMPILER_APPICON_NAME = AppIcon;
				ASSETCATALOG_COMPILER_GLOBAL_ACCENT_COLOR_NAME = AccentColor;
				CODE_SIGN_STYLE = Automatic;
				CURRENT_PROJECT_VERSION = 1;
				DEVELOPMENT_ASSET_PATHS = "\"FetchDesserts/Preview Content\"";
				DEVELOPMENT_TEAM = F698675JBS;
				ENABLE_PREVIEWS = YES;
				GENERATE_INFOPLIST_FILE = YES;
				INFOPLIST_KEY_CFBundleDisplayName = "Make Desserts";
				INFOPLIST_KEY_LSApplicationCategoryType = "public.app-category.food-and-drink";
				INFOPLIST_KEY_UIApplicationSceneManifest_Generation = YES;
				INFOPLIST_KEY_UIApplicationSupportsIndirectInputEvents = YES;
				INFOPLIST_KEY_UILaunchScreen_Generation = YES;
				INFOPLIST_KEY_UISupportedInterfaceOrientations_iPad = "UIInterfaceOrientationPortrait UIInterfaceOrientationPortraitUpsideDown UIInterfaceOrientationLandscapeLeft UIInterfaceOrientationLandscapeRight";
				INFOPLIST_KEY_UISupportedInterfaceOrientations_iPhone = "UIInterfaceOrientationPortrait UIInterfaceOrientationLandscapeLeft UIInterfaceOrientationLandscapeRight";
				LD_RUNPATH_SEARCH_PATHS = (
					"$(inherited)",
					"@executable_path/Frameworks",
				);
				MARKETING_VERSION = 1.0;
				PRODUCT_BUNDLE_IDENTIFIER = com.an23lm.FetchDesserts;
				PRODUCT_NAME = "$(TARGET_NAME)";
				SUPPORTED_PLATFORMS = "iphoneos iphonesimulator";
				SUPPORTS_MACCATALYST = NO;
				SUPPORTS_MAC_DESIGNED_FOR_IPHONE_IPAD = NO;
				SWIFT_EMIT_LOC_STRINGS = YES;
				SWIFT_VERSION = 5.0;
				TARGETED_DEVICE_FAMILY = 1;
			};
			name = Debug;
		};
		F70BF9052A49782600302DCA /* Release */ = {
			isa = XCBuildConfiguration;
			buildSettings = {
				ASSETCATALOG_COMPILER_APPICON_NAME = AppIcon;
				ASSETCATALOG_COMPILER_GLOBAL_ACCENT_COLOR_NAME = AccentColor;
				CODE_SIGN_STYLE = Automatic;
				CURRENT_PROJECT_VERSION = 1;
				DEVELOPMENT_ASSET_PATHS = "\"FetchDesserts/Preview Content\"";
				DEVELOPMENT_TEAM = F698675JBS;
				ENABLE_PREVIEWS = YES;
				GENERATE_INFOPLIST_FILE = YES;
				INFOPLIST_KEY_CFBundleDisplayName = "Make Desserts";
				INFOPLIST_KEY_LSApplicationCategoryType = "public.app-category.food-and-drink";
				INFOPLIST_KEY_UIApplicationSceneManifest_Generation = YES;
				INFOPLIST_KEY_UIApplicationSupportsIndirectInputEvents = YES;
				INFOPLIST_KEY_UILaunchScreen_Generation = YES;
				INFOPLIST_KEY_UISupportedInterfaceOrientations_iPad = "UIInterfaceOrientationPortrait UIInterfaceOrientationPortraitUpsideDown UIInterfaceOrientationLandscapeLeft UIInterfaceOrientationLandscapeRight";
				INFOPLIST_KEY_UISupportedInterfaceOrientations_iPhone = "UIInterfaceOrientationPortrait UIInterfaceOrientationLandscapeLeft UIInterfaceOrientationLandscapeRight";
				LD_RUNPATH_SEARCH_PATHS = (
					"$(inherited)",
					"@executable_path/Frameworks",
				);
				MARKETING_VERSION = 1.0;
				PRODUCT_BUNDLE_IDENTIFIER = com.an23lm.FetchDesserts;
				PRODUCT_NAME = "$(TARGET_NAME)";
				SUPPORTED_PLATFORMS = "iphoneos iphonesimulator";
				SUPPORTS_MACCATALYST = NO;
				SUPPORTS_MAC_DESIGNED_FOR_IPHONE_IPAD = NO;
				SWIFT_EMIT_LOC_STRINGS = YES;
				SWIFT_VERSION = 5.0;
				TARGETED_DEVICE_FAMILY = 1;
			};
			name = Release;
		};
		F70BF9072A49782600302DCA /* Debug */ = {
			isa = XCBuildConfiguration;
			buildSettings = {
				ALWAYS_EMBED_SWIFT_STANDARD_LIBRARIES = YES;
				BUNDLE_LOADER = "$(TEST_HOST)";
				CODE_SIGN_STYLE = Automatic;
				CURRENT_PROJECT_VERSION = 1;
				DEVELOPMENT_TEAM = F698675JBS;
				GENERATE_INFOPLIST_FILE = YES;
				IPHONEOS_DEPLOYMENT_TARGET = 16.4;
				MARKETING_VERSION = 1.0;
				PRODUCT_BUNDLE_IDENTIFIER = com.an23lm.FetchDessertsTests;
				PRODUCT_NAME = "$(TARGET_NAME)";
				SWIFT_EMIT_LOC_STRINGS = NO;
				SWIFT_VERSION = 5.0;
				TARGETED_DEVICE_FAMILY = "1,2";
				TEST_HOST = "$(BUILT_PRODUCTS_DIR)/FetchDesserts.app/$(BUNDLE_EXECUTABLE_FOLDER_PATH)/FetchDesserts";
			};
			name = Debug;
		};
		F70BF9082A49782600302DCA /* Release */ = {
			isa = XCBuildConfiguration;
			buildSettings = {
				ALWAYS_EMBED_SWIFT_STANDARD_LIBRARIES = YES;
				BUNDLE_LOADER = "$(TEST_HOST)";
				CODE_SIGN_STYLE = Automatic;
				CURRENT_PROJECT_VERSION = 1;
				DEVELOPMENT_TEAM = F698675JBS;
				GENERATE_INFOPLIST_FILE = YES;
				IPHONEOS_DEPLOYMENT_TARGET = 16.4;
				MARKETING_VERSION = 1.0;
				PRODUCT_BUNDLE_IDENTIFIER = com.an23lm.FetchDessertsTests;
				PRODUCT_NAME = "$(TARGET_NAME)";
				SWIFT_EMIT_LOC_STRINGS = NO;
				SWIFT_VERSION = 5.0;
				TARGETED_DEVICE_FAMILY = "1,2";
				TEST_HOST = "$(BUILT_PRODUCTS_DIR)/FetchDesserts.app/$(BUNDLE_EXECUTABLE_FOLDER_PATH)/FetchDesserts";
			};
			name = Release;
		};
		F70BF90A2A49782600302DCA /* Debug */ = {
			isa = XCBuildConfiguration;
			buildSettings = {
				ALWAYS_EMBED_SWIFT_STANDARD_LIBRARIES = YES;
				CODE_SIGN_STYLE = Automatic;
				CURRENT_PROJECT_VERSION = 1;
				DEVELOPMENT_TEAM = F698675JBS;
				GENERATE_INFOPLIST_FILE = YES;
				MARKETING_VERSION = 1.0;
				PRODUCT_BUNDLE_IDENTIFIER = com.an23lm.FetchDessertsUITests;
				PRODUCT_NAME = "$(TARGET_NAME)";
				SWIFT_EMIT_LOC_STRINGS = NO;
				SWIFT_VERSION = 5.0;
				TARGETED_DEVICE_FAMILY = "1,2";
				TEST_TARGET_NAME = FetchDesserts;
			};
			name = Debug;
		};
		F70BF90B2A49782600302DCA /* Release */ = {
			isa = XCBuildConfiguration;
			buildSettings = {
				ALWAYS_EMBED_SWIFT_STANDARD_LIBRARIES = YES;
				CODE_SIGN_STYLE = Automatic;
				CURRENT_PROJECT_VERSION = 1;
				DEVELOPMENT_TEAM = F698675JBS;
				GENERATE_INFOPLIST_FILE = YES;
				MARKETING_VERSION = 1.0;
				PRODUCT_BUNDLE_IDENTIFIER = com.an23lm.FetchDessertsUITests;
				PRODUCT_NAME = "$(TARGET_NAME)";
				SWIFT_EMIT_LOC_STRINGS = NO;
				SWIFT_VERSION = 5.0;
				TARGETED_DEVICE_FAMILY = "1,2";
				TEST_TARGET_NAME = FetchDesserts;
			};
			name = Release;
		};
/* End XCBuildConfiguration section */

/* Begin XCConfigurationList section */
		F70BF8DA2A49782400302DCA /* Build configuration list for PBXProject "FetchDesserts" */ = {
			isa = XCConfigurationList;
			buildConfigurations = (
				F70BF9012A49782600302DCA /* Debug */,
				F70BF9022A49782600302DCA /* Release */,
			);
			defaultConfigurationIsVisible = 0;
			defaultConfigurationName = Release;
		};
		F70BF9032A49782600302DCA /* Build configuration list for PBXNativeTarget "FetchDesserts" */ = {
			isa = XCConfigurationList;
			buildConfigurations = (
				F70BF9042A49782600302DCA /* Debug */,
				F70BF9052A49782600302DCA /* Release */,
			);
			defaultConfigurationIsVisible = 0;
			defaultConfigurationName = Release;
		};
		F70BF9062A49782600302DCA /* Build configuration list for PBXNativeTarget "FetchDessertsTests" */ = {
			isa = XCConfigurationList;
			buildConfigurations = (
				F70BF9072A49782600302DCA /* Debug */,
				F70BF9082A49782600302DCA /* Release */,
			);
			defaultConfigurationIsVisible = 0;
			defaultConfigurationName = Release;
		};
		F70BF9092A49782600302DCA /* Build configuration list for PBXNativeTarget "FetchDessertsUITests" */ = {
			isa = XCConfigurationList;
			buildConfigurations = (
				F70BF90A2A49782600302DCA /* Debug */,
				F70BF90B2A49782600302DCA /* Release */,
			);
			defaultConfigurationIsVisible = 0;
			defaultConfigurationName = Release;
		};
/* End XCConfigurationList section */
	};
	rootObject = F70BF8D72A49782400302DCA /* Project object */;
}
